
Microsoft Visual Studio Solution File, Format Version 12.00
# Visual Studio Version 17
VisualStudioVersion = 17.14.36221.1 d17.14
MinimumVisualStudioVersion = 10.0.40219.1
Project("{FAE04EC0-301F-11D3-BF4B-00C04F79EFBC}") = "ParisSportif_API", "ParisSportif_API\ParisSportif_API.csproj", "{7F71FBCB-4842-4A56-AB96-45C98D2937A6}"
EndProject
Global
	GlobalSection(SolutionConfigurationPlatforms) = preSolution
		Debug|Any CPU = Debug|Any CPU
		Release|Any CPU = Release|Any CPU
	EndGlobalSection
	GlobalSection(ProjectConfigurationPlatforms) = postSolution
		{7F71FBCB-4842-4A56-AB96-45C98D2937A6}.Debug|Any CPU.ActiveCfg = Debug|Any CPU
		{7F71FBCB-4842-4A56-AB96-45C98D2937A6}.Debug|Any CPU.Build.0 = Debug|Any CPU
		{7F71FBCB-4842-4A56-AB96-45C98D2937A6}.Release|Any CPU.ActiveCfg = Release|Any CPU
		{7F71FBCB-4842-4A56-AB96-45C98D2937A6}.Release|Any CPU.Build.0 = Release|Any CPU
	EndGlobalSection
	GlobalSection(SolutionProperties) = preSolution
		HideSolutionNode = FALSE
	EndGlobalSection
	GlobalSection(ExtensibilityGlobals) = postSolution
		SolutionGuid = {7BB7E1FB-E962-4A7D-9304-47D0210B1D61}
	EndGlobalSection
EndGlobal
